# This file was autogenerated by Stack.
# You should not edit this file by hand.
# For more information, please see the documentation at:
#   https://docs.haskellstack.org/en/stable/lock_files

packages:
- completed:
    hackage: JuicyPixels-3.3.7@sha256:6b77f89b0ca5655981a5603e68a266fc44112de853c76ab9b36ba69366db363b,3911
    pantry-tree:
      sha256: 264526c51dbfeb048d791f8d3380b5938e15f3b4128395351319492a7c924bc8
      size: 2724
  original:
    hackage: JuicyPixels-3.3.7
snapshots:
- completed:
    sha256: adbc602422dde10cc330175da7de8609e70afc41449a7e2d6e8b1827aa0e5008
    size: 649342
    url: https://raw.githubusercontent.com/commercialhaskell/stackage-snapshots/master/lts/20/11.yaml
  original:
    url: https://raw.githubusercontent.com/commercialhaskell/stackage-snapshots/master/lts/20/11.yaml
